
Microsoft Visual Studio Solution File, Format Version 12.00
# Visual Studio Version 17
VisualStudioVersion = 17.14.36212.18
MinimumVisualStudioVersion = 10.0.40219.1
Project("{2150E333-8FDC-42A3-9474-1A3956D46DE8}") = "Application", "Application", "{02EA681E-C7D8-13C7-8484-4AC65E1B71E8}"
EndProject
Project("{2150E333-8FDC-42A3-9474-1A3956D46DE8}") = "Domain", "Domain", "{A27B544A-5F9A-4760-BCFF-901BCCA08248}"
EndProject
Project("{2150E333-8FDC-42A3-9474-1A3956D46DE8}") = "Infrastructure.Data", "Infrastructure.Data", "{3D6D32BE-4541-4CED-B790-76FC0D3E5A17}"
EndProject
Project("{2150E333-8FDC-42A3-9474-1A3956D46DE8}") = "Infrastructure.IoC", "Infrastructure.IoC", "{97D98EE0-0D65-4298-8EB2-91B24D0E28DC}"
EndProject
Project("{2150E333-8FDC-42A3-9474-1A3956D46DE8}") = "Presentation", "Presentation", "{FCDD7894-555F-43F3-AA07-B869128E830B}"
EndProject
Project("{FAE04EC0-301F-11D3-BF4B-00C04F79EFBC}") = "CleanArch.MVC", "CleanArch.MVC\CleanArch.MVC.csproj", "{2AE85B65-1724-4341-BE4F-95296CBE02F4}"
EndProject
Project("{FAE04EC0-301F-11D3-BF4B-00C04F79EFBC}") = "CleanArch.Domain", "CleanArch.Domain\CleanArch.Domain.csproj", "{B2D7C756-BEDC-4F03-90F2-EF62C84B4C7C}"
EndProject
Project("{FAE04EC0-301F-11D3-BF4B-00C04F79EFBC}") = "CleanArch.Infrastructure.Data", "CleanArch.Infrastructure.Data\CleanArch.Infrastructure.Data.csproj", "{B28CF32F-38BB-460C-AD6F-8448B73865B9}"
EndProject
Project("{FAE04EC0-301F-11D3-BF4B-00C04F79EFBC}") = "CleanArch.Application", "CleanArch.Application\CleanArch.Application.csproj", "{CBB8BA82-9614-402A-AE83-F7D8341176F4}"
EndProject
Project("{FAE04EC0-301F-11D3-BF4B-00C04F79EFBC}") = "CleanArch.Infrastructure.IoC", "CleanArch.Infrastructure.IoC\CleanArch.Infrastructure.IoC.csproj", "{30CF7CA6-AF9E-4773-8C3E-3203850E09ED}"
EndProject
Project("{2150E333-8FDC-42A3-9474-1A3956D46DE8}") = "Infrastructure.Bus", "Infrastructure.Bus", "{1F3AFF57-68B4-4EEB-8767-245B6F484F2C}"
EndProject
Project("{2150E333-8FDC-42A3-9474-1A3956D46DE8}") = "Api", "Api", "{A11E6B9E-9E6A-4B4E-882C-1A21D09A2449}"
EndProject
Global
	GlobalSection(SolutionConfigurationPlatforms) = preSolution
		Debug|Any CPU = Debug|Any CPU
		Release|Any CPU = Release|Any CPU
	EndGlobalSection
	GlobalSection(ProjectConfigurationPlatforms) = postSolution
		{2AE85B65-1724-4341-BE4F-95296CBE02F4}.Debug|Any CPU.ActiveCfg = Debug|Any CPU
		{2AE85B65-1724-4341-BE4F-95296CBE02F4}.Debug|Any CPU.Build.0 = Debug|Any CPU
		{2AE85B65-1724-4341-BE4F-95296CBE02F4}.Release|Any CPU.ActiveCfg = Release|Any CPU
		{2AE85B65-1724-4341-BE4F-95296CBE02F4}.Release|Any CPU.Build.0 = Release|Any CPU
		{B2D7C756-BEDC-4F03-90F2-EF62C84B4C7C}.Debug|Any CPU.ActiveCfg = Debug|Any CPU
		{B2D7C756-BEDC-4F03-90F2-EF62C84B4C7C}.Debug|Any CPU.Build.0 = Debug|Any CPU
		{B2D7C756-BEDC-4F03-90F2-EF62C84B4C7C}.Release|Any CPU.ActiveCfg = Release|Any CPU
		{B2D7C756-BEDC-4F03-90F2-EF62C84B4C7C}.Release|Any CPU.Build.0 = Release|Any CPU
		{B28CF32F-38BB-460C-AD6F-8448B73865B9}.Debug|Any CPU.ActiveCfg = Debug|Any CPU
		{B28CF32F-38BB-460C-AD6F-8448B73865B9}.Debug|Any CPU.Build.0 = Debug|Any CPU
		{B28CF32F-38BB-460C-AD6F-8448B73865B9}.Release|Any CPU.ActiveCfg = Release|Any CPU
		{B28CF32F-38BB-460C-AD6F-8448B73865B9}.Release|Any CPU.Build.0 = Release|Any CPU
		{CBB8BA82-9614-402A-AE83-F7D8341176F4}.Debug|Any CPU.ActiveCfg = Debug|Any CPU
		{CBB8BA82-9614-402A-AE83-F7D8341176F4}.Debug|Any CPU.Build.0 = Debug|Any CPU
		{CBB8BA82-9614-402A-AE83-F7D8341176F4}.Release|Any CPU.ActiveCfg = Release|Any CPU
		{CBB8BA82-9614-402A-AE83-F7D8341176F4}.Release|Any CPU.Build.0 = Release|Any CPU
		{30CF7CA6-AF9E-4773-8C3E-3203850E09ED}.Debug|Any CPU.ActiveCfg = Debug|Any CPU
		{30CF7CA6-AF9E-4773-8C3E-3203850E09ED}.Debug|Any CPU.Build.0 = Debug|Any CPU
		{30CF7CA6-AF9E-4773-8C3E-3203850E09ED}.Release|Any CPU.ActiveCfg = Release|Any CPU
		{30CF7CA6-AF9E-4773-8C3E-3203850E09ED}.Release|Any CPU.Build.0 = Release|Any CPU
	EndGlobalSection
	GlobalSection(SolutionProperties) = preSolution
		HideSolutionNode = FALSE
	EndGlobalSection
	GlobalSection(NestedProjects) = preSolution
		{2AE85B65-1724-4341-BE4F-95296CBE02F4} = {FCDD7894-555F-43F3-AA07-B869128E830B}
		{B2D7C756-BEDC-4F03-90F2-EF62C84B4C7C} = {A27B544A-5F9A-4760-BCFF-901BCCA08248}
		{B28CF32F-38BB-460C-AD6F-8448B73865B9} = {3D6D32BE-4541-4CED-B790-76FC0D3E5A17}
		{CBB8BA82-9614-402A-AE83-F7D8341176F4} = {02EA681E-C7D8-13C7-8484-4AC65E1B71E8}
		{30CF7CA6-AF9E-4773-8C3E-3203850E09ED} = {97D98EE0-0D65-4298-8EB2-91B24D0E28DC}
	EndGlobalSection
	GlobalSection(ExtensibilityGlobals) = postSolution
		SolutionGuid = {9905C8C0-31DC-4157-A21B-24AC35FA962F}
	EndGlobalSection
EndGlobal
